
Microsoft Visual Studio Solution File, Format Version 12.00
# Visual Studio Version 16
VisualStudioVersion = 16.0.31624.102
MinimumVisualStudioVersion = 10.0.40219.1
Project("{8BC9CEB8-8B4A-11D0-8D11-00A0C91BC942}") = "t1", "lab7\lab7.vcxproj", "{596273A1-E211-494F-80F6-A5724FD76A4A}"
EndProject
Project("{8BC9CEB8-8B4A-11D0-8D11-00A0C91BC942}") = "t2", "t2\t2.vcxproj", "{71C60130-8323-40EA-8E4C-83978FF5081A}"
EndProject
Project("{8BC9CEB8-8B4A-11D0-8D11-00A0C91BC942}") = "t5", "t5\t5.vcxproj", "{37EEFA39-4E0B-4317-A504-45AD078EDE19}"
EndProject
Project("{8BC9CEB8-8B4A-11D0-8D11-00A0C91BC942}") = "t3", "t3\t3.vcxproj", "{1635543E-6325-40AC-B52B-A88851F451C7}"
EndProject
Project("{8BC9CEB8-8B4A-11D0-8D11-00A0C91BC942}") = "t4", "t4\t4.vcxproj", "{D885E3B8-165C-46CB-B24C-46D35638A4E0}"
EndProject
Project("{8BC9CEB8-8B4A-11D0-8D11-00A0C91BC942}") = "t9", "t9\t9.vcxproj", "{443739EE-2015-4A98-8F69-BF11273CC5BA}"
EndProject
Project("{8BC9CEB8-8B4A-11D0-8D11-00A0C91BC942}") = "t6", "t6\t6.vcxproj", "{69AF2C9E-9297-46E1-8BD8-05ED72B2294B}"
EndProject
Project("{8BC9CEB8-8B4A-11D0-8D11-00A0C91BC942}") = "t7", "t7\t7.vcxproj", "{05430037-A049-4484-ABB8-1B4113C3B07C}"
EndProject
Project("{8BC9CEB8-8B4A-11D0-8D11-00A0C91BC942}") = "t8", "t8\t8.vcxproj", "{1A998A5C-5350-4E74-9581-7D05A07E9DEA}"
EndProject
Project("{8BC9CEB8-8B4A-11D0-8D11-00A0C91BC942}") = "t10", "t10\t10.vcxproj", "{FF74F356-F196-4DB9-9ECD-271CD3C88E12}"
EndProject
Global
	GlobalSection(SolutionConfigurationPlatforms) = preSolution
		Debug|x64 = Debug|x64
		Debug|x86 = Debug|x86
		Release|x64 = Release|x64
		Release|x86 = Release|x86
	EndGlobalSection
	GlobalSection(ProjectConfigurationPlatforms) = postSolution
		{596273A1-E211-494F-80F6-A5724FD76A4A}.Debug|x64.ActiveCfg = Debug|x64
		{596273A1-E211-494F-80F6-A5724FD76A4A}.Debug|x64.Build.0 = Debug|x64
		{596273A1-E211-494F-80F6-A5724FD76A4A}.Debug|x86.ActiveCfg = Debug|Win32
		{596273A1-E211-494F-80F6-A5724FD76A4A}.Debug|x86.Build.0 = Debug|Win32
		{596273A1-E211-494F-80F6-A5724FD76A4A}.Release|x64.ActiveCfg = Release|x64
		{596273A1-E211-494F-80F6-A5724FD76A4A}.Release|x64.Build.0 = Release|x64
		{596273A1-E211-494F-80F6-A5724FD76A4A}.Release|x86.ActiveCfg = Release|Win32
		{596273A1-E211-494F-80F6-A5724FD76A4A}.Release|x86.Build.0 = Release|Win32
		{71C60130-8323-40EA-8E4C-83978FF5081A}.Debug|x64.ActiveCfg = Debug|x64
		{71C60130-8323-40EA-8E4C-83978FF5081A}.Debug|x64.Build.0 = Debug|x64
		{71C60130-8323-40EA-8E4C-83978FF5081A}.Debug|x86.ActiveCfg = Debug|Win32
		{71C60130-8323-40EA-8E4C-83978FF5081A}.Debug|x86.Build.0 = Debug|Win32
		{71C60130-8323-40EA-8E4C-83978FF5081A}.Release|x64.ActiveCfg = Release|x64
		{71C60130-8323-40EA-8E4C-83978FF5081A}.Release|x64.Build.0 = Release|x64
		{71C60130-8323-40EA-8E4C-83978FF5081A}.Release|x86.ActiveCfg = Release|Win32
		{71C60130-8323-40EA-8E4C-83978FF5081A}.Release|x86.Build.0 = Release|Win32
		{37EEFA39-4E0B-4317-A504-45AD078EDE19}.Debug|x64.ActiveCfg = Debug|x64
		{37EEFA39-4E0B-4317-A504-45AD078EDE19}.Debug|x64.Build.0 = Debug|x64
		{37EEFA39-4E0B-4317-A504-45AD078EDE19}.Debug|x86.ActiveCfg = Debug|Win32
		{37EEFA39-4E0B-4317-A504-45AD078EDE19}.Debug|x86.Build.0 = Debug|Win32
		{37EEFA39-4E0B-4317-A504-45AD078EDE19}.Release|x64.ActiveCfg = Release|x64
		{37EEFA39-4E0B-4317-A504-45AD078EDE19}.Release|x64.Build.0 = Release|x64
		{37EEFA39-4E0B-4317-A504-45AD078EDE19}.Release|x86.ActiveCfg = Release|Win32
		{37EEFA39-4E0B-4317-A504-45AD078EDE19}.Release|x86.Build.0 = Release|Win32
		{1635543E-6325-40AC-B52B-A88851F451C7}.Debug|x64.ActiveCfg = Debug|x64
		{1635543E-6325-40AC-B52B-A88851F451C7}.Debug|x64.Build.0 = Debug|x64
		{1635543E-6325-40AC-B52B-A88851F451C7}.Debug|x86.ActiveCfg = Debug|Win32
		{1635543E-6325-40AC-B52B-A88851F451C7}.Debug|x86.Build.0 = Debug|Win32
		{1635543E-6325-40AC-B52B-A88851F451C7}.Release|x64.ActiveCfg = Release|x64
		{1635543E-6325-40AC-B52B-A88851F451C7}.Release|x64.Build.0 = Release|x64
		{1635543E-6325-40AC-B52B-A88851F451C7}.Release|x86.ActiveCfg = Release|Win32
		{1635543E-6325-40AC-B52B-A88851F451C7}.Release|x86.Build.0 = Release|Win32
		{D885E3B8-165C-46CB-B24C-46D35638A4E0}.Debug|x64.ActiveCfg = Debug|x64
		{D885E3B8-165C-46CB-B24C-46D35638A4E0}.Debug|x64.Build.0 = Debug|x64
		{D885E3B8-165C-46CB-B24C-46D35638A4E0}.Debug|x86.ActiveCfg = Debug|Win32
		{D885E3B8-165C-46CB-B24C-46D35638A4E0}.Debug|x86.Build.0 = Debug|Win32
		{D885E3B8-165C-46CB-B24C-46D35638A4E0}.Release|x64.ActiveCfg = Release|x64
		{D885E3B8-165C-46CB-B24C-46D35638A4E0}.Release|x64.Build.0 = Release|x64
		{D885E3B8-165C-46CB-B24C-46D35638A4E0}.Release|x86.ActiveCfg = Release|Win32
		{D885E3B8-165C-46CB-B24C-46D35638A4E0}.Release|x86.Build.0 = Release|Win32
		{443739EE-2015-4A98-8F69-BF11273CC5BA}.Debug|x64.ActiveCfg = Debug|x64
		{443739EE-2015-4A98-8F69-BF11273CC5BA}.Debug|x64.Build.0 = Debug|x64
		{443739EE-2015-4A98-8F69-BF11273CC5BA}.Debug|x86.ActiveCfg = Debug|Win32
		{443739EE-2015-4A98-8F69-BF11273CC5BA}.Debug|x86.Build.0 = Debug|Win32
		{443739EE-2015-4A98-8F69-BF11273CC5BA}.Release|x64.ActiveCfg = Release|x64
		{443739EE-2015-4A98-8F69-BF11273CC5BA}.Release|x64.Build.0 = Release|x64
		{443739EE-2015-4A98-8F69-BF11273CC5BA}.Release|x86.ActiveCfg = Release|Win32
		{443739EE-2015-4A98-8F69-BF11273CC5BA}.Release|x86.Build.0 = Release|Win32
		{69AF2C9E-9297-46E1-8BD8-05ED72B2294B}.Debug|x64.ActiveCfg = Debug|x64
		{69AF2C9E-9297-46E1-8BD8-05ED72B2294B}.Debug|x64.Build.0 = Debug|x64
		{69AF2C9E-9297-46E1-8BD8-05ED72B2294B}.Debug|x86.ActiveCfg = Debug|Win32
		{69AF2C9E-9297-46E1-8BD8-05ED72B2294B}.Debug|x86.Build.0 = Debug|Win32
		{69AF2C9E-9297-46E1-8BD8-05ED72B2294B}.Release|x64.ActiveCfg = Release|x64
		{69AF2C9E-9297-46E1-8BD8-05ED72B2294B}.Release|x64.Build.0 = Release|x64
		{69AF2C9E-9297-46E1-8BD8-05ED72B2294B}.Release|x86.ActiveCfg = Release|Win32
		{69AF2C9E-9297-46E1-8BD8-05ED72B2294B}.Release|x86.Build.0 = Release|Win32
		{05430037-A049-4484-ABB8-1B4113C3B07C}.Debug|x64.ActiveCfg = Debug|x64
		{05430037-A049-4484-ABB8-1B4113C3B07C}.Debug|x64.Build.0 = Debug|x64
		{05430037-A049-4484-ABB8-1B4113C3B07C}.Debug|x86.ActiveCfg = Debug|Win32
		{05430037-A049-4484-ABB8-1B4113C3B07C}.Debug|x86.Build.0 = Debug|Win32
		{05430037-A049-4484-ABB8-1B4113C3B07C}.Release|x64.ActiveCfg = Release|x64
		{05430037-A049-4484-ABB8-1B4113C3B07C}.Release|x64.Build.0 = Release|x64
		{05430037-A049-4484-ABB8-1B4113C3B07C}.Release|x86.ActiveCfg = Release|Win32
		{05430037-A049-4484-ABB8-1B4113C3B07C}.Release|x86.Build.0 = Release|Win32
		{1A998A5C-5350-4E74-9581-7D05A07E9DEA}.Debug|x64.ActiveCfg = Debug|x64
		{1A998A5C-5350-4E74-9581-7D05A07E9DEA}.Debug|x64.Build.0 = Debug|x64
		{1A998A5C-5350-4E74-9581-7D05A07E9DEA}.Debug|x86.ActiveCfg = Debug|Win32
		{1A998A5C-5350-4E74-9581-7D05A07E9DEA}.Debug|x86.Build.0 = Debug|Win32
		{1A998A5C-5350-4E74-9581-7D05A07E9DEA}.Release|x64.ActiveCfg = Release|x64
		{1A998A5C-5350-4E74-9581-7D05A07E9DEA}.Release|x64.Build.0 = Release|x64
		{1A998A5C-5350-4E74-9581-7D05A07E9DEA}.Release|x86.ActiveCfg = Release|Win32
		{1A998A5C-5350-4E74-9581-7D05A07E9DEA}.Release|x86.Build.0 = Release|Win32
		{FF74F356-F196-4DB9-9ECD-271CD3C88E12}.Debug|x64.ActiveCfg = Debug|x64
		{FF74F356-F196-4DB9-9ECD-271CD3C88E12}.Debug|x64.Build.0 = Debug|x64
		{FF74F356-F196-4DB9-9ECD-271CD3C88E12}.Debug|x86.ActiveCfg = Debug|Win32
		{FF74F356-F196-4DB9-9ECD-271CD3C88E12}.Debug|x86.Build.0 = Debug|Win32
		{FF74F356-F196-4DB9-9ECD-271CD3C88E12}.Release|x64.ActiveCfg = Release|x64
		{FF74F356-F196-4DB9-9ECD-271CD3C88E12}.Release|x64.Build.0 = Release|x64
		{FF74F356-F196-4DB9-9ECD-271CD3C88E12}.Release|x86.ActiveCfg = Release|Win32
		{FF74F356-F196-4DB9-9ECD-271CD3C88E12}.Release|x86.Build.0 = Release|Win32
	EndGlobalSection
	GlobalSection(SolutionProperties) = preSolution
		HideSolutionNode = FALSE
	EndGlobalSection
	GlobalSection(ExtensibilityGlobals) = postSolution
		SolutionGuid = {1AF8D7DB-03AB-4422-AD23-BF827D99CDB4}
	EndGlobalSection
EndGlobal
